
Microsoft Visual Studio Solution File, Format Version 12.00
# Visual Studio Version 16
VisualStudioVersion = 16.0.29326.143
MinimumVisualStudioVersion = 10.0.40219.1
Project("{8BC9CEB8-8B4A-11D0-8D11-00A0C91BC942}") = "Lab1-direct sorting", "Lab1-direct sorting\Lab1-direct sorting.vcxproj", "{569A3166-5071-491D-AC36-6EC174E7D191}"
EndProject
Global
	GlobalSection(SolutionConfigurationPlatforms) = preSolution
		Debug|x64 = Debug|x64
		Debug|x86 = Debug|x86
		Release|x64 = Release|x64
		Release|x86 = Release|x86
	EndGlobalSection
	GlobalSection(ProjectConfigurationPlatforms) = postSolution
		{569A3166-5071-491D-AC36-6EC174E7D191}.Debug|x64.ActiveCfg = Debug|x64
		{569A3166-5071-491D-AC36-6EC174E7D191}.Debug|x64.Build.0 = Debug|x64
		{569A3166-5071-491D-AC36-6EC174E7D191}.Debug|x86.ActiveCfg = Debug|Win32
		{569A3166-5071-491D-AC36-6EC174E7D191}.Debug|x86.Build.0 = Debug|Win32
		{569A3166-5071-491D-AC36-6EC174E7D191}.Release|x64.ActiveCfg = Release|x64
		{569A3166-5071-491D-AC36-6EC174E7D191}.Release|x64.Build.0 = Release|x64
		{569A3166-5071-491D-AC36-6EC174E7D191}.Release|x86.ActiveCfg = Release|Win32
		{569A3166-5071-491D-AC36-6EC174E7D191}.Release|x86.Build.0 = Release|Win32
	EndGlobalSection
	GlobalSection(SolutionProperties) = preSolution
		HideSolutionNode = FALSE
	EndGlobalSection
	GlobalSection(ExtensibilityGlobals) = postSolution
		SolutionGuid = {33AB48D9-A4EB-486D-92AD-86F565B53FC4}
	EndGlobalSection
EndGlobal
