
Microsoft Visual Studio Solution File, Format Version 12.00
# Visual Studio Version 16
VisualStudioVersion = 16.0.29411.108
MinimumVisualStudioVersion = 10.0.40219.1
Project("{8BC9CEB8-8B4A-11D0-8D11-00A0C91BC942}") = "Lab7-multiway trees", "Lab7-multiway trees\Lab7-multiway trees.vcxproj", "{20CD9732-F93F-4019-BCF4-18F987001C81}"
EndProject
Global
	GlobalSection(SolutionConfigurationPlatforms) = preSolution
		Debug|x64 = Debug|x64
		Debug|x86 = Debug|x86
		Release|x64 = Release|x64
		Release|x86 = Release|x86
	EndGlobalSection
	GlobalSection(ProjectConfigurationPlatforms) = postSolution
		{20CD9732-F93F-4019-BCF4-18F987001C81}.Debug|x64.ActiveCfg = Debug|x64
		{20CD9732-F93F-4019-BCF4-18F987001C81}.Debug|x64.Build.0 = Debug|x64
		{20CD9732-F93F-4019-BCF4-18F987001C81}.Debug|x86.ActiveCfg = Debug|Win32
		{20CD9732-F93F-4019-BCF4-18F987001C81}.Debug|x86.Build.0 = Debug|Win32
		{20CD9732-F93F-4019-BCF4-18F987001C81}.Release|x64.ActiveCfg = Release|x64
		{20CD9732-F93F-4019-BCF4-18F987001C81}.Release|x64.Build.0 = Release|x64
		{20CD9732-F93F-4019-BCF4-18F987001C81}.Release|x86.ActiveCfg = Release|Win32
		{20CD9732-F93F-4019-BCF4-18F987001C81}.Release|x86.Build.0 = Release|Win32
	EndGlobalSection
	GlobalSection(SolutionProperties) = preSolution
		HideSolutionNode = FALSE
	EndGlobalSection
	GlobalSection(ExtensibilityGlobals) = postSolution
		SolutionGuid = {582353CF-FE3F-4EF3-AADB-7BFEFFD4DA66}
	EndGlobalSection
EndGlobal
